
Microsoft Visual Studio Solution File, Format Version 12.00
# Visual Studio Version 17
VisualStudioVersion = 17.3.32819.101
MinimumVisualStudioVersion = 10.0.40219.1
Project("{9A19103F-16F7-4668-BE54-9A1E7A4F7556}") = "Ejercicio1-1", "Ejercicio1\Ejercicio1-1.csproj", "{8487E0ED-AAA6-4D22-B6CC-29AE4319300B}"
EndProject
Project("{2150E333-8FDC-42A3-9474-1A3956D46DE8}") = "Clase-1", "Clase-1", "{9DB11920-B05F-41A8-892E-CD763818C289}"
EndProject
Project("{9A19103F-16F7-4668-BE54-9A1E7A4F7556}") = "Ejercicio1-2", "Ejercicio2\Ejercicio1-2.csproj", "{117EF3DB-37EA-41F8-8E99-DBCB01935685}"
EndProject
Project("{9A19103F-16F7-4668-BE54-9A1E7A4F7556}") = "Ejercicio1-3", "Ejercicio3\Ejercicio1-3.csproj", "{CFDBC26E-9A43-4601-96F7-AF86D5AD13AC}"
EndProject
Project("{9A19103F-16F7-4668-BE54-9A1E7A4F7556}") = "Ejercicio1-4", "Ejercicio4\Ejercicio1-4.csproj", "{DD8848DC-D018-4308-973D-8E5A71CE9844}"
EndProject
Project("{9A19103F-16F7-4668-BE54-9A1E7A4F7556}") = "Ejercicio1-5", "Ejercicio5\Ejercicio1-5.csproj", "{3A2859F1-75F9-4281-922B-D7027395E902}"
EndProject
Project("{9A19103F-16F7-4668-BE54-9A1E7A4F7556}") = "Ejercicio1-6", "Ejercicio6\Ejercicio1-6.csproj", "{74821EB1-8AAA-441A-9AB8-4BDA5E27B316}"
EndProject
Project("{9A19103F-16F7-4668-BE54-9A1E7A4F7556}") = "Ejercicio1-7", "Ejercicio7\Ejercicio1-7.csproj", "{32EAF706-C012-4968-A317-AD64BDB7A7C3}"
EndProject
Project("{2150E333-8FDC-42A3-9474-1A3956D46DE8}") = "Clase-3", "Clase-3", "{83931676-ABCF-498C-BA0F-876C57BDD4CC}"
EndProject
Project("{2150E333-8FDC-42A3-9474-1A3956D46DE8}") = "Clase-2", "Clase-2", "{B8716181-9B42-45AE-9592-889CB107D8CC}"
EndProject
Project("{9A19103F-16F7-4668-BE54-9A1E7A4F7556}") = "Ejercicio1-8", "Ejercicio1-8\Ejercicio1-8.csproj", "{2C301B96-7D50-441D-852C-A8FAA9933014}"
EndProject
Project("{9A19103F-16F7-4668-BE54-9A1E7A4F7556}") = "Ejercicio2-1", "Ejercicio2-1\Ejercicio2-1.csproj", "{B2EAAF0E-8FFC-4BD2-B811-769D12B10C6A}"
EndProject
Project("{9A19103F-16F7-4668-BE54-9A1E7A4F7556}") = "Biblioteca", "Biblioteca\Biblioteca.csproj", "{FC90B505-9552-4811-8B2C-24044DB68225}"
EndProject
Project("{9A19103F-16F7-4668-BE54-9A1E7A4F7556}") = "Ejercicio2-2", "Ejercicio2-2\Ejercicio2-2.csproj", "{C2F0CA7F-B4E1-4F29-9AB8-6A659D5D92F2}"
EndProject
Project("{9A19103F-16F7-4668-BE54-9A1E7A4F7556}") = "Ejercicio2-3", "Ejercicio2-3\Ejercicio2-3.csproj", "{D0EC62A4-6D0E-4092-A091-157D0754D755}"
EndProject
Project("{9A19103F-16F7-4668-BE54-9A1E7A4F7556}") = "Ejercicio2-4", "Ejercicio2-4\Ejercicio2-4.csproj", "{C18ADB5E-DE0A-4FFB-A6FF-D400CC308341}"
EndProject
Project("{9A19103F-16F7-4668-BE54-9A1E7A4F7556}") = "Ejercicio2-5", "Ejercicio2-5\Ejercicio2-5.csproj", "{EE55BE5F-D5FC-4AD4-AF09-5A8F224CD354}"
EndProject
Project("{9A19103F-16F7-4668-BE54-9A1E7A4F7556}") = "Ejercicio2-6", "Ejericio2-6\Ejercicio2-6.csproj", "{BA10557F-6971-41B2-B5B5-76B5C83D395B}"
EndProject
Project("{9A19103F-16F7-4668-BE54-9A1E7A4F7556}") = "Ejercicio2-7", "Ejercicio2-7\Ejercicio2-7.csproj", "{B874F755-1A3B-4E2C-A643-66B1B6DF3627}"
EndProject
Project("{9A19103F-16F7-4668-BE54-9A1E7A4F7556}") = "Ejercicio2-8", "Ejercicio2-8\Ejercicio2-8.csproj", "{9B0E7618-AD23-48A5-9457-01A572902A92}"
EndProject
Project("{9A19103F-16F7-4668-BE54-9A1E7A4F7556}") = "Ejercicio2-Aux", "Ejercicio2-Aux\Ejercicio2-Aux.csproj", "{AB5723E3-1965-4CDE-BD81-070954A7CFFB}"
EndProject
Project("{9A19103F-16F7-4668-BE54-9A1E7A4F7556}") = "Ejercicio3-1", "Ejercicio3-1\Ejercicio3-1.csproj", "{1C88117B-FDF5-4995-BA7A-3EB6BE7ED50F}"
EndProject
Project("{9A19103F-16F7-4668-BE54-9A1E7A4F7556}") = "EjercicioClase5-9", "EjercicioClase5-9\EjercicioClase5-9.csproj", "{8639D968-3FFE-4BAE-858E-C65CE7C0D935}"
EndProject
Project("{9A19103F-16F7-4668-BE54-9A1E7A4F7556}") = "Ejercicio3-2", "Ejercicio3-2\Ejercicio3-2.csproj", "{C8C5B908-E2D0-4E64-A49B-BC3C2D472954}"
EndProject
Project("{2150E333-8FDC-42A3-9474-1A3956D46DE8}") = "Clase-7", "Clase-7", "{00FF521F-3B07-426A-9773-AED0D8791179}"
EndProject
Project("{FAE04EC0-301F-11D3-BF4B-00C04F79EFBC}") = "EjercicioClase19-9", "EjercicioClase19-9\EjercicioClase19-9.csproj", "{CEF9C78F-A0B4-45BF-B851-B394DAF784FB}"
EndProject
Global
	GlobalSection(SolutionConfigurationPlatforms) = preSolution
		Debug|Any CPU = Debug|Any CPU
		Release|Any CPU = Release|Any CPU
	EndGlobalSection
	GlobalSection(ProjectConfigurationPlatforms) = postSolution
		{8487E0ED-AAA6-4D22-B6CC-29AE4319300B}.Debug|Any CPU.ActiveCfg = Debug|Any CPU
		{8487E0ED-AAA6-4D22-B6CC-29AE4319300B}.Debug|Any CPU.Build.0 = Debug|Any CPU
		{8487E0ED-AAA6-4D22-B6CC-29AE4319300B}.Release|Any CPU.ActiveCfg = Release|Any CPU
		{8487E0ED-AAA6-4D22-B6CC-29AE4319300B}.Release|Any CPU.Build.0 = Release|Any CPU
		{117EF3DB-37EA-41F8-8E99-DBCB01935685}.Debug|Any CPU.ActiveCfg = Debug|Any CPU
		{117EF3DB-37EA-41F8-8E99-DBCB01935685}.Debug|Any CPU.Build.0 = Debug|Any CPU
		{117EF3DB-37EA-41F8-8E99-DBCB01935685}.Release|Any CPU.ActiveCfg = Release|Any CPU
		{117EF3DB-37EA-41F8-8E99-DBCB01935685}.Release|Any CPU.Build.0 = Release|Any CPU
		{CFDBC26E-9A43-4601-96F7-AF86D5AD13AC}.Debug|Any CPU.ActiveCfg = Debug|Any CPU
		{CFDBC26E-9A43-4601-96F7-AF86D5AD13AC}.Debug|Any CPU.Build.0 = Debug|Any CPU
		{CFDBC26E-9A43-4601-96F7-AF86D5AD13AC}.Release|Any CPU.ActiveCfg = Release|Any CPU
		{CFDBC26E-9A43-4601-96F7-AF86D5AD13AC}.Release|Any CPU.Build.0 = Release|Any CPU
		{DD8848DC-D018-4308-973D-8E5A71CE9844}.Debug|Any CPU.ActiveCfg = Debug|Any CPU
		{DD8848DC-D018-4308-973D-8E5A71CE9844}.Debug|Any CPU.Build.0 = Debug|Any CPU
		{DD8848DC-D018-4308-973D-8E5A71CE9844}.Release|Any CPU.ActiveCfg = Release|Any CPU
		{DD8848DC-D018-4308-973D-8E5A71CE9844}.Release|Any CPU.Build.0 = Release|Any CPU
		{3A2859F1-75F9-4281-922B-D7027395E902}.Debug|Any CPU.ActiveCfg = Debug|Any CPU
		{3A2859F1-75F9-4281-922B-D7027395E902}.Debug|Any CPU.Build.0 = Debug|Any CPU
		{3A2859F1-75F9-4281-922B-D7027395E902}.Release|Any CPU.ActiveCfg = Release|Any CPU
		{3A2859F1-75F9-4281-922B-D7027395E902}.Release|Any CPU.Build.0 = Release|Any CPU
		{74821EB1-8AAA-441A-9AB8-4BDA5E27B316}.Debug|Any CPU.ActiveCfg = Debug|Any CPU
		{74821EB1-8AAA-441A-9AB8-4BDA5E27B316}.Debug|Any CPU.Build.0 = Debug|Any CPU
		{74821EB1-8AAA-441A-9AB8-4BDA5E27B316}.Release|Any CPU.ActiveCfg = Release|Any CPU
		{74821EB1-8AAA-441A-9AB8-4BDA5E27B316}.Release|Any CPU.Build.0 = Release|Any CPU
		{32EAF706-C012-4968-A317-AD64BDB7A7C3}.Debug|Any CPU.ActiveCfg = Debug|Any CPU
		{32EAF706-C012-4968-A317-AD64BDB7A7C3}.Debug|Any CPU.Build.0 = Debug|Any CPU
		{32EAF706-C012-4968-A317-AD64BDB7A7C3}.Release|Any CPU.ActiveCfg = Release|Any CPU
		{32EAF706-C012-4968-A317-AD64BDB7A7C3}.Release|Any CPU.Build.0 = Release|Any CPU
		{2C301B96-7D50-441D-852C-A8FAA9933014}.Debug|Any CPU.ActiveCfg = Debug|Any CPU
		{2C301B96-7D50-441D-852C-A8FAA9933014}.Debug|Any CPU.Build.0 = Debug|Any CPU
		{2C301B96-7D50-441D-852C-A8FAA9933014}.Release|Any CPU.ActiveCfg = Release|Any CPU
		{2C301B96-7D50-441D-852C-A8FAA9933014}.Release|Any CPU.Build.0 = Release|Any CPU
		{B2EAAF0E-8FFC-4BD2-B811-769D12B10C6A}.Debug|Any CPU.ActiveCfg = Debug|Any CPU
		{B2EAAF0E-8FFC-4BD2-B811-769D12B10C6A}.Debug|Any CPU.Build.0 = Debug|Any CPU
		{B2EAAF0E-8FFC-4BD2-B811-769D12B10C6A}.Release|Any CPU.ActiveCfg = Release|Any CPU
		{B2EAAF0E-8FFC-4BD2-B811-769D12B10C6A}.Release|Any CPU.Build.0 = Release|Any CPU
		{FC90B505-9552-4811-8B2C-24044DB68225}.Debug|Any CPU.ActiveCfg = Debug|Any CPU
		{FC90B505-9552-4811-8B2C-24044DB68225}.Debug|Any CPU.Build.0 = Debug|Any CPU
		{FC90B505-9552-4811-8B2C-24044DB68225}.Release|Any CPU.ActiveCfg = Release|Any CPU
		{FC90B505-9552-4811-8B2C-24044DB68225}.Release|Any CPU.Build.0 = Release|Any CPU
		{C2F0CA7F-B4E1-4F29-9AB8-6A659D5D92F2}.Debug|Any CPU.ActiveCfg = Debug|Any CPU
		{C2F0CA7F-B4E1-4F29-9AB8-6A659D5D92F2}.Debug|Any CPU.Build.0 = Debug|Any CPU
		{C2F0CA7F-B4E1-4F29-9AB8-6A659D5D92F2}.Release|Any CPU.ActiveCfg = Release|Any CPU
		{C2F0CA7F-B4E1-4F29-9AB8-6A659D5D92F2}.Release|Any CPU.Build.0 = Release|Any CPU
		{D0EC62A4-6D0E-4092-A091-157D0754D755}.Debug|Any CPU.ActiveCfg = Debug|Any CPU
		{D0EC62A4-6D0E-4092-A091-157D0754D755}.Debug|Any CPU.Build.0 = Debug|Any CPU
		{D0EC62A4-6D0E-4092-A091-157D0754D755}.Release|Any CPU.ActiveCfg = Release|Any CPU
		{D0EC62A4-6D0E-4092-A091-157D0754D755}.Release|Any CPU.Build.0 = Release|Any CPU
		{C18ADB5E-DE0A-4FFB-A6FF-D400CC308341}.Debug|Any CPU.ActiveCfg = Debug|Any CPU
		{C18ADB5E-DE0A-4FFB-A6FF-D400CC308341}.Debug|Any CPU.Build.0 = Debug|Any CPU
		{C18ADB5E-DE0A-4FFB-A6FF-D400CC308341}.Release|Any CPU.ActiveCfg = Release|Any CPU
		{C18ADB5E-DE0A-4FFB-A6FF-D400CC308341}.Release|Any CPU.Build.0 = Release|Any CPU
		{EE55BE5F-D5FC-4AD4-AF09-5A8F224CD354}.Debug|Any CPU.ActiveCfg = Debug|Any CPU
		{EE55BE5F-D5FC-4AD4-AF09-5A8F224CD354}.Debug|Any CPU.Build.0 = Debug|Any CPU
		{EE55BE5F-D5FC-4AD4-AF09-5A8F224CD354}.Release|Any CPU.ActiveCfg = Release|Any CPU
		{EE55BE5F-D5FC-4AD4-AF09-5A8F224CD354}.Release|Any CPU.Build.0 = Release|Any CPU
		{BA10557F-6971-41B2-B5B5-76B5C83D395B}.Debug|Any CPU.ActiveCfg = Debug|Any CPU
		{BA10557F-6971-41B2-B5B5-76B5C83D395B}.Debug|Any CPU.Build.0 = Debug|Any CPU
		{BA10557F-6971-41B2-B5B5-76B5C83D395B}.Release|Any CPU.ActiveCfg = Release|Any CPU
		{BA10557F-6971-41B2-B5B5-76B5C83D395B}.Release|Any CPU.Build.0 = Release|Any CPU
		{B874F755-1A3B-4E2C-A643-66B1B6DF3627}.Debug|Any CPU.ActiveCfg = Debug|Any CPU
		{B874F755-1A3B-4E2C-A643-66B1B6DF3627}.Debug|Any CPU.Build.0 = Debug|Any CPU
		{B874F755-1A3B-4E2C-A643-66B1B6DF3627}.Release|Any CPU.ActiveCfg = Release|Any CPU
		{B874F755-1A3B-4E2C-A643-66B1B6DF3627}.Release|Any CPU.Build.0 = Release|Any CPU
		{9B0E7618-AD23-48A5-9457-01A572902A92}.Debug|Any CPU.ActiveCfg = Debug|Any CPU
		{9B0E7618-AD23-48A5-9457-01A572902A92}.Debug|Any CPU.Build.0 = Debug|Any CPU
		{9B0E7618-AD23-48A5-9457-01A572902A92}.Release|Any CPU.ActiveCfg = Release|Any CPU
		{9B0E7618-AD23-48A5-9457-01A572902A92}.Release|Any CPU.Build.0 = Release|Any CPU
		{AB5723E3-1965-4CDE-BD81-070954A7CFFB}.Debug|Any CPU.ActiveCfg = Debug|Any CPU
		{AB5723E3-1965-4CDE-BD81-070954A7CFFB}.Debug|Any CPU.Build.0 = Debug|Any CPU
		{AB5723E3-1965-4CDE-BD81-070954A7CFFB}.Release|Any CPU.ActiveCfg = Release|Any CPU
		{AB5723E3-1965-4CDE-BD81-070954A7CFFB}.Release|Any CPU.Build.0 = Release|Any CPU
		{1C88117B-FDF5-4995-BA7A-3EB6BE7ED50F}.Debug|Any CPU.ActiveCfg = Debug|Any CPU
		{1C88117B-FDF5-4995-BA7A-3EB6BE7ED50F}.Debug|Any CPU.Build.0 = Debug|Any CPU
		{1C88117B-FDF5-4995-BA7A-3EB6BE7ED50F}.Release|Any CPU.ActiveCfg = Release|Any CPU
		{1C88117B-FDF5-4995-BA7A-3EB6BE7ED50F}.Release|Any CPU.Build.0 = Release|Any CPU
		{8639D968-3FFE-4BAE-858E-C65CE7C0D935}.Debug|Any CPU.ActiveCfg = Debug|Any CPU
		{8639D968-3FFE-4BAE-858E-C65CE7C0D935}.Debug|Any CPU.Build.0 = Debug|Any CPU
		{8639D968-3FFE-4BAE-858E-C65CE7C0D935}.Release|Any CPU.ActiveCfg = Release|Any CPU
		{8639D968-3FFE-4BAE-858E-C65CE7C0D935}.Release|Any CPU.Build.0 = Release|Any CPU
		{C8C5B908-E2D0-4E64-A49B-BC3C2D472954}.Debug|Any CPU.ActiveCfg = Debug|Any CPU
		{C8C5B908-E2D0-4E64-A49B-BC3C2D472954}.Debug|Any CPU.Build.0 = Debug|Any CPU
		{C8C5B908-E2D0-4E64-A49B-BC3C2D472954}.Release|Any CPU.ActiveCfg = Release|Any CPU
		{C8C5B908-E2D0-4E64-A49B-BC3C2D472954}.Release|Any CPU.Build.0 = Release|Any CPU
		{CEF9C78F-A0B4-45BF-B851-B394DAF784FB}.Debug|Any CPU.ActiveCfg = Debug|Any CPU
		{CEF9C78F-A0B4-45BF-B851-B394DAF784FB}.Debug|Any CPU.Build.0 = Debug|Any CPU
		{CEF9C78F-A0B4-45BF-B851-B394DAF784FB}.Release|Any CPU.ActiveCfg = Release|Any CPU
		{CEF9C78F-A0B4-45BF-B851-B394DAF784FB}.Release|Any CPU.Build.0 = Release|Any CPU
	EndGlobalSection
	GlobalSection(SolutionProperties) = preSolution
		HideSolutionNode = FALSE
	EndGlobalSection
	GlobalSection(NestedProjects) = preSolution
		{8487E0ED-AAA6-4D22-B6CC-29AE4319300B} = {9DB11920-B05F-41A8-892E-CD763818C289}
		{117EF3DB-37EA-41F8-8E99-DBCB01935685} = {9DB11920-B05F-41A8-892E-CD763818C289}
		{CFDBC26E-9A43-4601-96F7-AF86D5AD13AC} = {9DB11920-B05F-41A8-892E-CD763818C289}
		{DD8848DC-D018-4308-973D-8E5A71CE9844} = {9DB11920-B05F-41A8-892E-CD763818C289}
		{3A2859F1-75F9-4281-922B-D7027395E902} = {9DB11920-B05F-41A8-892E-CD763818C289}
		{74821EB1-8AAA-441A-9AB8-4BDA5E27B316} = {9DB11920-B05F-41A8-892E-CD763818C289}
		{32EAF706-C012-4968-A317-AD64BDB7A7C3} = {9DB11920-B05F-41A8-892E-CD763818C289}
		{2C301B96-7D50-441D-852C-A8FAA9933014} = {9DB11920-B05F-41A8-892E-CD763818C289}
		{B2EAAF0E-8FFC-4BD2-B811-769D12B10C6A} = {B8716181-9B42-45AE-9592-889CB107D8CC}
		{C2F0CA7F-B4E1-4F29-9AB8-6A659D5D92F2} = {B8716181-9B42-45AE-9592-889CB107D8CC}
		{D0EC62A4-6D0E-4092-A091-157D0754D755} = {B8716181-9B42-45AE-9592-889CB107D8CC}
		{C18ADB5E-DE0A-4FFB-A6FF-D400CC308341} = {B8716181-9B42-45AE-9592-889CB107D8CC}
		{EE55BE5F-D5FC-4AD4-AF09-5A8F224CD354} = {B8716181-9B42-45AE-9592-889CB107D8CC}
		{BA10557F-6971-41B2-B5B5-76B5C83D395B} = {B8716181-9B42-45AE-9592-889CB107D8CC}
		{B874F755-1A3B-4E2C-A643-66B1B6DF3627} = {B8716181-9B42-45AE-9592-889CB107D8CC}
		{9B0E7618-AD23-48A5-9457-01A572902A92} = {B8716181-9B42-45AE-9592-889CB107D8CC}
		{AB5723E3-1965-4CDE-BD81-070954A7CFFB} = {B8716181-9B42-45AE-9592-889CB107D8CC}
		{1C88117B-FDF5-4995-BA7A-3EB6BE7ED50F} = {83931676-ABCF-498C-BA0F-876C57BDD4CC}
		{C8C5B908-E2D0-4E64-A49B-BC3C2D472954} = {83931676-ABCF-498C-BA0F-876C57BDD4CC}
	EndGlobalSection
	GlobalSection(ExtensibilityGlobals) = postSolution
		SolutionGuid = {CF0303EF-36B0-4CB1-A913-5681B512101D}
	EndGlobalSection
EndGlobal
